
Microsoft Visual Studio Solution File, Format Version 12.00
# Visual Studio 15
VisualStudioVersion = 15.0.26730.16
MinimumVisualStudioVersion = 10.0.40219.1
Project("{FAE04EC0-301F-11D3-BF4B-00C04F79EFBC}") = "Website", "Website\Website.csproj", "{96ADB5CA-F916-48B0-BD1A-ED7C23EAD8E8}"
EndProject
Project("{2150E333-8FDC-42A3-9474-1A3956D46DE8}") = "Modules", "Modules", "{951D362C-53AC-4393-BA5B-CD94F1C97B79}"
EndProject
Project("{FAE04EC0-301F-11D3-BF4B-00C04F79EFBC}") = "G4S.Modules.HeroSlider", "Modules\G4S.Modules.HeroSlider\G4S.Modules.HeroSlider.csproj", "{583214BE-6CD4-4C32-8D05-4C5A29F07180}"
EndProject
Project("{2150E333-8FDC-42A3-9474-1A3956D46DE8}") = "Project", "Project", "{2F479EE2-39DA-4B6C-9F7D-CB31A3644790}"
EndProject
Project("{2150E333-8FDC-42A3-9474-1A3956D46DE8}") = "Foundation", "Foundation", "{605142B7-CBCA-4015-9A23-06DBC9EF3EEB}"
EndProject
Project("{FAE04EC0-301F-11D3-BF4B-00C04F79EFBC}") = "G4S.Foundation.ModuleBase", "Foundation\G4S.Foundation.ModuleBase\G4S.Foundation.ModuleBase.csproj", "{15D17F43-E4E4-4F08-A004-8756B0D26C17}"
EndProject
Project("{FAE04EC0-301F-11D3-BF4B-00C04F79EFBC}") = "G4S.Modules.SegmentPicker", "Modules\G4S.Modules.SegmentPicker\G4S.Modules.SegmentPicker.csproj", "{9F0BC419-0564-4E97-859A-E135EC3C1C6B}"
EndProject
Project("{FAE04EC0-301F-11D3-BF4B-00C04F79EFBC}") = "G4S.Modules.Service", "Modules\G4S.Modules.Service\G4S.Modules.Service.csproj", "{51BD7194-E75E-40FC-8B94-62F40DA1DF3F}"
EndProject
Project("{FAE04EC0-301F-11D3-BF4B-00C04F79EFBC}") = "G4S.Modules.YoutubePlayer", "Modules\G4S.Modules.YoutubePlayer\G4S.Modules.YoutubePlayer.csproj", "{940C0E67-1572-4D65-B961-690491240842}"
EndProject
Project("{FAE04EC0-301F-11D3-BF4B-00C04F79EFBC}") = "G4S.Modules.Jobs", "Modules\G4S.Modules.Jobs\G4S.Modules.Jobs.csproj", "{C34EC13E-F947-42B5-8A2F-968D9A0C46C8}"
EndProject
Project("{FAE04EC0-301F-11D3-BF4B-00C04F79EFBC}") = "G4S.Modules.ComparisonChart", "Modules\G4S.Modules.ComparisonChart\G4S.Modules.ComparisonChart.csproj", "{3C08BB72-B5B5-49B3-AC35-F5A561F76E0C}"
EndProject
Project("{FAE04EC0-301F-11D3-BF4B-00C04F79EFBC}") = "G4S.Modules.FeatureGrid", "Modules\G4S.Modules.FeatureGrid\G4S.Modules.FeatureGrid.csproj", "{C6603AE2-A137-44CD-BB1F-94D5116FD6B6}"
EndProject
Project("{FAE04EC0-301F-11D3-BF4B-00C04F79EFBC}") = "G4S.Modules.FormContainer", "Modules\G4S.Modules.FormContainer\G4S.Modules.FormContainer.csproj", "{56E17835-0A4B-40C0-A08E-E9409EF00050}"
EndProject
Project("{FAE04EC0-301F-11D3-BF4B-00C04F79EFBC}") = "G4S.Modules.Video", "Modules\G4S.Modules.Video\G4S.Modules.Video.csproj", "{BBE69575-D7A7-44E6-94C6-7F97B0FB5341}"
EndProject
Project("{FAE04EC0-301F-11D3-BF4B-00C04F79EFBC}") = "G4S.Modules.Text", "Modules\G4S.Modules.Text\G4S.Modules.Text.csproj", "{A0296E0E-92BF-4A35-AF67-AA68716986FC}"
EndProject
Project("{FAE04EC0-301F-11D3-BF4B-00C04F79EFBC}") = "G4S.Modules.RowOneElement", "Modules\G4S.Modules.RowOneElement\G4S.Modules.RowOneElement.csproj", "{099DB657-EF61-4B04-BE92-A09CE8C5C506}"
EndProject
Project("{FAE04EC0-301F-11D3-BF4B-00C04F79EFBC}") = "G4S.Modules.CountrySelector", "Modules\G4S.Modules.CountrySelector\G4S.Modules.CountrySelector.csproj", "{FABFD98A-60E2-4E90-9971-82AABACF9464}"
EndProject
Project("{FAE04EC0-301F-11D3-BF4B-00C04F79EFBC}") = "G4S.Modules.Navigation", "Modules\G4S.Modules.Navigation\G4S.Modules.Navigation.csproj", "{2C9828C3-8C45-4C0D-A0B8-480F5FECBF84}"
EndProject
Project("{FAE04EC0-301F-11D3-BF4B-00C04F79EFBC}") = "G4S.Modules.Footer", "Modules\G4S.Modules.Footer\G4S.Modules.Footer.csproj", "{968F1B16-BE65-49C7-8503-65A812358B3F}"
EndProject
Project("{FAE04EC0-301F-11D3-BF4B-00C04F79EFBC}") = "G4S.Modules.RowFourElements", "Modules\G4S.Modules.RowFourElements\G4S.Modules.RowFourElements.csproj", "{5CD3CA67-79B3-450B-9254-4336AABDCDDB}"
EndProject
Project("{FAE04EC0-301F-11D3-BF4B-00C04F79EFBC}") = "G4S.Modules.Splitter", "Modules\G4S.Modules.Splitter\G4S.Modules.Splitter.csproj", "{84DF3483-290E-4734-82B3-AF2264573888}"
EndProject
Project("{FAE04EC0-301F-11D3-BF4B-00C04F79EFBC}") = "G4S.Modules.RichTextElement", "Modules\G4S.Modules.RichTextElement\G4S.Modules.RichTextElement.csproj", "{CF86F400-F99D-42C0-96E3-6F7E6DAFC8B0}"
EndProject
Project("{FAE04EC0-301F-11D3-BF4B-00C04F79EFBC}") = "G4S.Modules.NewsList", "Modules\G4S.Modules.NewsList\G4S.Modules.NewsList.csproj", "{5FDB7F01-826E-47F1-B0AE-6C87D75735D0}"
EndProject
Project("{FAE04EC0-301F-11D3-BF4B-00C04F79EFBC}") = "G4S.Foundation.Dictionary", "Foundation\G4S.Foundation.Dictionary\G4S.Foundation.Dictionary.csproj", "{E5DCCD42-F02F-4F5F-922A-E90F384EEB59}"
EndProject
Project("{2150E333-8FDC-42A3-9474-1A3956D46DE8}") = "Configuration", "Configuration", "{60FCAB0D-F565-40C4-BF03-DF284190E28D}"
EndProject
Project("{FAE04EC0-301F-11D3-BF4B-00C04F79EFBC}") = "G4S.Foundation.Search", "Foundation\G4S.Foundation.Search\G4S.Foundation.Search.csproj", "{0797F54A-0DB8-4007-975D-AB06F14978CF}"
EndProject
Project("{FAE04EC0-301F-11D3-BF4B-00C04F79EFBC}") = "G4S.Modules.ProductList", "Modules\G4S.Modules.ProductList\G4S.Modules.ProductList.csproj", "{8BDE6114-9317-4E21-910A-6C2FB11AAE5E}"
EndProject
Project("{FAE04EC0-301F-11D3-BF4B-00C04F79EFBC}") = "G4S.Modules.Breadcrumb", "Modules\G4S.Modules.Breadcrumb\G4S.Modules.Breadcrumb.csproj", "{DB4F5260-A13B-4FCB-B82D-193324B37E62}"
EndProject
Project("{FAE04EC0-301F-11D3-BF4B-00C04F79EFBC}") = "G4S.Modules.AsideBox", "Modules\G4S.Modules.AsideBox\G4S.Modules.AsideBox.csproj", "{815BE52B-5DD9-42ED-ABB4-EE3F625E66CF}"
EndProject
Project("{FAE04EC0-301F-11D3-BF4B-00C04F79EFBC}") = "G4S.Configuration.Core", "Configuration\G4S.Configuration.Core\G4S.Configuration.Core.csproj", "{7F10B426-4FEC-4F49-A763-B4B5B68CA879}"
EndProject
Global
	GlobalSection(SolutionConfigurationPlatforms) = preSolution
		Debug|Any CPU = Debug|Any CPU
		Release|Any CPU = Release|Any CPU
	EndGlobalSection
	GlobalSection(ProjectConfigurationPlatforms) = postSolution
		{96ADB5CA-F916-48B0-BD1A-ED7C23EAD8E8}.Debug|Any CPU.ActiveCfg = Debug|Any CPU
		{96ADB5CA-F916-48B0-BD1A-ED7C23EAD8E8}.Debug|Any CPU.Build.0 = Debug|Any CPU
		{96ADB5CA-F916-48B0-BD1A-ED7C23EAD8E8}.Release|Any CPU.ActiveCfg = Release|Any CPU
		{96ADB5CA-F916-48B0-BD1A-ED7C23EAD8E8}.Release|Any CPU.Build.0 = Release|Any CPU
		{583214BE-6CD4-4C32-8D05-4C5A29F07180}.Debug|Any CPU.ActiveCfg = Debug|Any CPU
		{583214BE-6CD4-4C32-8D05-4C5A29F07180}.Debug|Any CPU.Build.0 = Debug|Any CPU
		{583214BE-6CD4-4C32-8D05-4C5A29F07180}.Release|Any CPU.ActiveCfg = Release|Any CPU
		{583214BE-6CD4-4C32-8D05-4C5A29F07180}.Release|Any CPU.Build.0 = Release|Any CPU
		{15D17F43-E4E4-4F08-A004-8756B0D26C17}.Debug|Any CPU.ActiveCfg = Debug|Any CPU
		{15D17F43-E4E4-4F08-A004-8756B0D26C17}.Debug|Any CPU.Build.0 = Debug|Any CPU
		{15D17F43-E4E4-4F08-A004-8756B0D26C17}.Release|Any CPU.ActiveCfg = Release|Any CPU
		{15D17F43-E4E4-4F08-A004-8756B0D26C17}.Release|Any CPU.Build.0 = Release|Any CPU
		{9F0BC419-0564-4E97-859A-E135EC3C1C6B}.Debug|Any CPU.ActiveCfg = Debug|Any CPU
		{9F0BC419-0564-4E97-859A-E135EC3C1C6B}.Debug|Any CPU.Build.0 = Debug|Any CPU
		{9F0BC419-0564-4E97-859A-E135EC3C1C6B}.Release|Any CPU.ActiveCfg = Release|Any CPU
		{9F0BC419-0564-4E97-859A-E135EC3C1C6B}.Release|Any CPU.Build.0 = Release|Any CPU
		{51BD7194-E75E-40FC-8B94-62F40DA1DF3F}.Debug|Any CPU.ActiveCfg = Debug|Any CPU
		{51BD7194-E75E-40FC-8B94-62F40DA1DF3F}.Debug|Any CPU.Build.0 = Debug|Any CPU
		{51BD7194-E75E-40FC-8B94-62F40DA1DF3F}.Release|Any CPU.ActiveCfg = Release|Any CPU
		{51BD7194-E75E-40FC-8B94-62F40DA1DF3F}.Release|Any CPU.Build.0 = Release|Any CPU
		{940C0E67-1572-4D65-B961-690491240842}.Debug|Any CPU.ActiveCfg = Debug|Any CPU
		{940C0E67-1572-4D65-B961-690491240842}.Debug|Any CPU.Build.0 = Debug|Any CPU
		{940C0E67-1572-4D65-B961-690491240842}.Release|Any CPU.ActiveCfg = Release|Any CPU
		{940C0E67-1572-4D65-B961-690491240842}.Release|Any CPU.Build.0 = Release|Any CPU
		{C34EC13E-F947-42B5-8A2F-968D9A0C46C8}.Debug|Any CPU.ActiveCfg = Debug|Any CPU
		{C34EC13E-F947-42B5-8A2F-968D9A0C46C8}.Debug|Any CPU.Build.0 = Debug|Any CPU
		{C34EC13E-F947-42B5-8A2F-968D9A0C46C8}.Release|Any CPU.ActiveCfg = Release|Any CPU
		{C34EC13E-F947-42B5-8A2F-968D9A0C46C8}.Release|Any CPU.Build.0 = Release|Any CPU
		{3C08BB72-B5B5-49B3-AC35-F5A561F76E0C}.Debug|Any CPU.ActiveCfg = Debug|Any CPU
		{3C08BB72-B5B5-49B3-AC35-F5A561F76E0C}.Debug|Any CPU.Build.0 = Debug|Any CPU
		{3C08BB72-B5B5-49B3-AC35-F5A561F76E0C}.Release|Any CPU.ActiveCfg = Release|Any CPU
		{3C08BB72-B5B5-49B3-AC35-F5A561F76E0C}.Release|Any CPU.Build.0 = Release|Any CPU
		{C6603AE2-A137-44CD-BB1F-94D5116FD6B6}.Debug|Any CPU.ActiveCfg = Debug|Any CPU
		{C6603AE2-A137-44CD-BB1F-94D5116FD6B6}.Debug|Any CPU.Build.0 = Debug|Any CPU
		{C6603AE2-A137-44CD-BB1F-94D5116FD6B6}.Release|Any CPU.ActiveCfg = Release|Any CPU
		{C6603AE2-A137-44CD-BB1F-94D5116FD6B6}.Release|Any CPU.Build.0 = Release|Any CPU
		{56E17835-0A4B-40C0-A08E-E9409EF00050}.Debug|Any CPU.ActiveCfg = Debug|Any CPU
		{56E17835-0A4B-40C0-A08E-E9409EF00050}.Debug|Any CPU.Build.0 = Debug|Any CPU
		{56E17835-0A4B-40C0-A08E-E9409EF00050}.Release|Any CPU.ActiveCfg = Release|Any CPU
		{56E17835-0A4B-40C0-A08E-E9409EF00050}.Release|Any CPU.Build.0 = Release|Any CPU
		{BBE69575-D7A7-44E6-94C6-7F97B0FB5341}.Debug|Any CPU.ActiveCfg = Debug|Any CPU
		{BBE69575-D7A7-44E6-94C6-7F97B0FB5341}.Debug|Any CPU.Build.0 = Debug|Any CPU
		{BBE69575-D7A7-44E6-94C6-7F97B0FB5341}.Release|Any CPU.ActiveCfg = Release|Any CPU
		{BBE69575-D7A7-44E6-94C6-7F97B0FB5341}.Release|Any CPU.Build.0 = Release|Any CPU
		{A0296E0E-92BF-4A35-AF67-AA68716986FC}.Debug|Any CPU.ActiveCfg = Debug|Any CPU
		{A0296E0E-92BF-4A35-AF67-AA68716986FC}.Debug|Any CPU.Build.0 = Debug|Any CPU
		{A0296E0E-92BF-4A35-AF67-AA68716986FC}.Release|Any CPU.ActiveCfg = Release|Any CPU
		{A0296E0E-92BF-4A35-AF67-AA68716986FC}.Release|Any CPU.Build.0 = Release|Any CPU
		{099DB657-EF61-4B04-BE92-A09CE8C5C506}.Debug|Any CPU.ActiveCfg = Debug|Any CPU
		{099DB657-EF61-4B04-BE92-A09CE8C5C506}.Debug|Any CPU.Build.0 = Debug|Any CPU
		{099DB657-EF61-4B04-BE92-A09CE8C5C506}.Release|Any CPU.ActiveCfg = Release|Any CPU
		{099DB657-EF61-4B04-BE92-A09CE8C5C506}.Release|Any CPU.Build.0 = Release|Any CPU
		{FABFD98A-60E2-4E90-9971-82AABACF9464}.Debug|Any CPU.ActiveCfg = Debug|Any CPU
		{FABFD98A-60E2-4E90-9971-82AABACF9464}.Debug|Any CPU.Build.0 = Debug|Any CPU
		{FABFD98A-60E2-4E90-9971-82AABACF9464}.Release|Any CPU.ActiveCfg = Release|Any CPU
		{FABFD98A-60E2-4E90-9971-82AABACF9464}.Release|Any CPU.Build.0 = Release|Any CPU
		{2C9828C3-8C45-4C0D-A0B8-480F5FECBF84}.Debug|Any CPU.ActiveCfg = Debug|Any CPU
		{2C9828C3-8C45-4C0D-A0B8-480F5FECBF84}.Debug|Any CPU.Build.0 = Debug|Any CPU
		{2C9828C3-8C45-4C0D-A0B8-480F5FECBF84}.Release|Any CPU.ActiveCfg = Release|Any CPU
		{2C9828C3-8C45-4C0D-A0B8-480F5FECBF84}.Release|Any CPU.Build.0 = Release|Any CPU
		{968F1B16-BE65-49C7-8503-65A812358B3F}.Debug|Any CPU.ActiveCfg = Debug|Any CPU
		{968F1B16-BE65-49C7-8503-65A812358B3F}.Debug|Any CPU.Build.0 = Debug|Any CPU
		{968F1B16-BE65-49C7-8503-65A812358B3F}.Release|Any CPU.ActiveCfg = Release|Any CPU
		{968F1B16-BE65-49C7-8503-65A812358B3F}.Release|Any CPU.Build.0 = Release|Any CPU
		{5CD3CA67-79B3-450B-9254-4336AABDCDDB}.Debug|Any CPU.ActiveCfg = Debug|Any CPU
		{5CD3CA67-79B3-450B-9254-4336AABDCDDB}.Debug|Any CPU.Build.0 = Debug|Any CPU
		{5CD3CA67-79B3-450B-9254-4336AABDCDDB}.Release|Any CPU.ActiveCfg = Release|Any CPU
		{5CD3CA67-79B3-450B-9254-4336AABDCDDB}.Release|Any CPU.Build.0 = Release|Any CPU
		{84DF3483-290E-4734-82B3-AF2264573888}.Debug|Any CPU.ActiveCfg = Debug|Any CPU
		{84DF3483-290E-4734-82B3-AF2264573888}.Debug|Any CPU.Build.0 = Debug|Any CPU
		{84DF3483-290E-4734-82B3-AF2264573888}.Release|Any CPU.ActiveCfg = Release|Any CPU
		{84DF3483-290E-4734-82B3-AF2264573888}.Release|Any CPU.Build.0 = Release|Any CPU
		{CF86F400-F99D-42C0-96E3-6F7E6DAFC8B0}.Debug|Any CPU.ActiveCfg = Debug|Any CPU
		{CF86F400-F99D-42C0-96E3-6F7E6DAFC8B0}.Debug|Any CPU.Build.0 = Debug|Any CPU
		{CF86F400-F99D-42C0-96E3-6F7E6DAFC8B0}.Release|Any CPU.ActiveCfg = Release|Any CPU
		{CF86F400-F99D-42C0-96E3-6F7E6DAFC8B0}.Release|Any CPU.Build.0 = Release|Any CPU
		{5FDB7F01-826E-47F1-B0AE-6C87D75735D0}.Debug|Any CPU.ActiveCfg = Debug|Any CPU
		{5FDB7F01-826E-47F1-B0AE-6C87D75735D0}.Debug|Any CPU.Build.0 = Debug|Any CPU
		{5FDB7F01-826E-47F1-B0AE-6C87D75735D0}.Release|Any CPU.ActiveCfg = Release|Any CPU
		{5FDB7F01-826E-47F1-B0AE-6C87D75735D0}.Release|Any CPU.Build.0 = Release|Any CPU
		{E5DCCD42-F02F-4F5F-922A-E90F384EEB59}.Debug|Any CPU.ActiveCfg = Debug|Any CPU
		{E5DCCD42-F02F-4F5F-922A-E90F384EEB59}.Debug|Any CPU.Build.0 = Debug|Any CPU
		{E5DCCD42-F02F-4F5F-922A-E90F384EEB59}.Release|Any CPU.ActiveCfg = Release|Any CPU
		{E5DCCD42-F02F-4F5F-922A-E90F384EEB59}.Release|Any CPU.Build.0 = Release|Any CPU
		{0797F54A-0DB8-4007-975D-AB06F14978CF}.Debug|Any CPU.ActiveCfg = Debug|Any CPU
		{0797F54A-0DB8-4007-975D-AB06F14978CF}.Debug|Any CPU.Build.0 = Debug|Any CPU
		{0797F54A-0DB8-4007-975D-AB06F14978CF}.Release|Any CPU.ActiveCfg = Release|Any CPU
		{0797F54A-0DB8-4007-975D-AB06F14978CF}.Release|Any CPU.Build.0 = Release|Any CPU
		{8BDE6114-9317-4E21-910A-6C2FB11AAE5E}.Debug|Any CPU.ActiveCfg = Debug|Any CPU
		{8BDE6114-9317-4E21-910A-6C2FB11AAE5E}.Debug|Any CPU.Build.0 = Debug|Any CPU
		{8BDE6114-9317-4E21-910A-6C2FB11AAE5E}.Release|Any CPU.ActiveCfg = Release|Any CPU
		{8BDE6114-9317-4E21-910A-6C2FB11AAE5E}.Release|Any CPU.Build.0 = Release|Any CPU
		{DB4F5260-A13B-4FCB-B82D-193324B37E62}.Debug|Any CPU.ActiveCfg = Debug|Any CPU
		{DB4F5260-A13B-4FCB-B82D-193324B37E62}.Debug|Any CPU.Build.0 = Debug|Any CPU
		{DB4F5260-A13B-4FCB-B82D-193324B37E62}.Release|Any CPU.ActiveCfg = Release|Any CPU
		{DB4F5260-A13B-4FCB-B82D-193324B37E62}.Release|Any CPU.Build.0 = Release|Any CPU
		{815BE52B-5DD9-42ED-ABB4-EE3F625E66CF}.Debug|Any CPU.ActiveCfg = Debug|Any CPU
		{815BE52B-5DD9-42ED-ABB4-EE3F625E66CF}.Debug|Any CPU.Build.0 = Debug|Any CPU
		{815BE52B-5DD9-42ED-ABB4-EE3F625E66CF}.Release|Any CPU.ActiveCfg = Release|Any CPU
		{815BE52B-5DD9-42ED-ABB4-EE3F625E66CF}.Release|Any CPU.Build.0 = Release|Any CPU
		{7F10B426-4FEC-4F49-A763-B4B5B68CA879}.Debug|Any CPU.ActiveCfg = Debug|Any CPU
		{7F10B426-4FEC-4F49-A763-B4B5B68CA879}.Debug|Any CPU.Build.0 = Debug|Any CPU
		{7F10B426-4FEC-4F49-A763-B4B5B68CA879}.Release|Any CPU.ActiveCfg = Release|Any CPU
		{7F10B426-4FEC-4F49-A763-B4B5B68CA879}.Release|Any CPU.Build.0 = Release|Any CPU
	EndGlobalSection
	GlobalSection(SolutionProperties) = preSolution
		HideSolutionNode = FALSE
	EndGlobalSection
	GlobalSection(NestedProjects) = preSolution
		{96ADB5CA-F916-48B0-BD1A-ED7C23EAD8E8} = {2F479EE2-39DA-4B6C-9F7D-CB31A3644790}
		{583214BE-6CD4-4C32-8D05-4C5A29F07180} = {951D362C-53AC-4393-BA5B-CD94F1C97B79}
		{15D17F43-E4E4-4F08-A004-8756B0D26C17} = {605142B7-CBCA-4015-9A23-06DBC9EF3EEB}
		{9F0BC419-0564-4E97-859A-E135EC3C1C6B} = {951D362C-53AC-4393-BA5B-CD94F1C97B79}
		{51BD7194-E75E-40FC-8B94-62F40DA1DF3F} = {951D362C-53AC-4393-BA5B-CD94F1C97B79}
		{940C0E67-1572-4D65-B961-690491240842} = {951D362C-53AC-4393-BA5B-CD94F1C97B79}
		{C34EC13E-F947-42B5-8A2F-968D9A0C46C8} = {951D362C-53AC-4393-BA5B-CD94F1C97B79}
		{3C08BB72-B5B5-49B3-AC35-F5A561F76E0C} = {951D362C-53AC-4393-BA5B-CD94F1C97B79}
		{C6603AE2-A137-44CD-BB1F-94D5116FD6B6} = {951D362C-53AC-4393-BA5B-CD94F1C97B79}
		{56E17835-0A4B-40C0-A08E-E9409EF00050} = {951D362C-53AC-4393-BA5B-CD94F1C97B79}
		{BBE69575-D7A7-44E6-94C6-7F97B0FB5341} = {951D362C-53AC-4393-BA5B-CD94F1C97B79}
		{A0296E0E-92BF-4A35-AF67-AA68716986FC} = {951D362C-53AC-4393-BA5B-CD94F1C97B79}
		{099DB657-EF61-4B04-BE92-A09CE8C5C506} = {951D362C-53AC-4393-BA5B-CD94F1C97B79}
		{FABFD98A-60E2-4E90-9971-82AABACF9464} = {951D362C-53AC-4393-BA5B-CD94F1C97B79}
		{2C9828C3-8C45-4C0D-A0B8-480F5FECBF84} = {951D362C-53AC-4393-BA5B-CD94F1C97B79}
		{968F1B16-BE65-49C7-8503-65A812358B3F} = {951D362C-53AC-4393-BA5B-CD94F1C97B79}
		{5CD3CA67-79B3-450B-9254-4336AABDCDDB} = {951D362C-53AC-4393-BA5B-CD94F1C97B79}
		{84DF3483-290E-4734-82B3-AF2264573888} = {951D362C-53AC-4393-BA5B-CD94F1C97B79}
		{CF86F400-F99D-42C0-96E3-6F7E6DAFC8B0} = {951D362C-53AC-4393-BA5B-CD94F1C97B79}
		{5FDB7F01-826E-47F1-B0AE-6C87D75735D0} = {951D362C-53AC-4393-BA5B-CD94F1C97B79}
		{E5DCCD42-F02F-4F5F-922A-E90F384EEB59} = {605142B7-CBCA-4015-9A23-06DBC9EF3EEB}
		{0797F54A-0DB8-4007-975D-AB06F14978CF} = {605142B7-CBCA-4015-9A23-06DBC9EF3EEB}
		{8BDE6114-9317-4E21-910A-6C2FB11AAE5E} = {951D362C-53AC-4393-BA5B-CD94F1C97B79}
		{DB4F5260-A13B-4FCB-B82D-193324B37E62} = {951D362C-53AC-4393-BA5B-CD94F1C97B79}
		{815BE52B-5DD9-42ED-ABB4-EE3F625E66CF} = {951D362C-53AC-4393-BA5B-CD94F1C97B79}
		{7F10B426-4FEC-4F49-A763-B4B5B68CA879} = {60FCAB0D-F565-40C4-BF03-DF284190E28D}
	EndGlobalSection
	GlobalSection(ExtensibilityGlobals) = postSolution
		SolutionGuid = {D3603184-ED2F-4B37-BB15-1E2FC0A1816D}
	EndGlobalSection
EndGlobal
